
Microsoft Visual Studio Solution File, Format Version 12.00
# Visual Studio Version 17
VisualStudioVersion = 17.10.34916.146
MinimumVisualStudioVersion = 10.0.40219.1
Project("{FAE04EC0-301F-11D3-BF4B-00C04F79EFBC}") = "ManagementDatabase", "ManagementDatabase.csproj", "{9815A42F-965D-44D9-938E-35B074505A56}"
EndProject
Global
	GlobalSection(SolutionConfigurationPlatforms) = preSolution
		Debug|Any CPU = Debug|Any CPU
		Release|Any CPU = Release|Any CPU
	EndGlobalSection
	GlobalSection(ProjectConfigurationPlatforms) = postSolution
		{9815A42F-965D-44D9-938E-35B074505A56}.Debug|Any CPU.ActiveCfg = Debug|Any CPU
		{9815A42F-965D-44D9-938E-35B074505A56}.Debug|Any CPU.Build.0 = Debug|Any CPU
		{9815A42F-965D-44D9-938E-35B074505A56}.Release|Any CPU.ActiveCfg = Release|Any CPU
		{9815A42F-965D-44D9-938E-35B074505A56}.Release|Any CPU.Build.0 = Release|Any CPU
	EndGlobalSection
	GlobalSection(SolutionProperties) = preSolution
		HideSolutionNode = FALSE
	EndGlobalSection
	GlobalSection(ExtensibilityGlobals) = postSolution
		SolutionGuid = {2295D86F-E3C5-446E-8334-5EFF3D31AC01}
	EndGlobalSection
EndGlobal
